<?xml version="1.0" encoding="utf-8"?>
<Project ToolsVersion="4.0" xmlns="http://schemas.microsoft.com/developer/msbuild/2003">
  <ItemGroup>
    <Filter Include="Исходные файлы">
      <UniqueIdentifier>{4FC737F1-C7A5-4376-A066-2A32D752A2FF}</UniqueIdentifier>
      <Extensions>cpp;c;cc;cxx;def;odl;idl;hpj;bat;asm;asmx</Extensions>
    </Filter>
    <Filter Include="Файлы заголовков">
      <UniqueIdentifier>{93995380-89BD-4b04-88EB-625FBE52EBFB}</UniqueIdentifier>
      <Extensions>h;hh;hpp;hxx;hm;inl;inc;ipp;xsd</Extensions>
    </Filter>
    <Filter Include="Файлы ресурсов">
      <UniqueIdentifier>{67DA6AB6-F800-4c08-8B7A-83BB121AAD01}</UniqueIdentifier>
      <Extensions>rc;ico;cur;bmp;dlg;rc2;rct;bin;rgs;gif;jpg;jpeg;jpe;resx;tiff;tif;png;wav;mfcribbon-ms</Extensions>
    </Filter>
    <Filter Include="Файлы заголовков\SeconsTask">
      <UniqueIdentifier>{243b5335-aec6-41e5-ae8a-12a8eb5ca602}</UniqueIdentifier>
    </Filter>
    <Filter Include="Исходные файлы\SecondTask">
      <UniqueIdentifier>{cdf87927-c9a2-4894-939d-88673c1fc8bd}</UniqueIdentifier>
    </Filter>
  </ItemGroup>
  <ItemGroup>
    <ClInclude Include="Shape.hpp">
      <Filter>Файлы заголовков\SeconsTask</Filter>
    </ClInclude>
    <ClInclude Include="Animal.hpp">
      <Filter>Файлы заголовков\SeconsTask</Filter>
    </ClInclude>
  </ItemGroup>
  <ItemGroup>
    <ClCompile Include="Circle.cpp">
      <Filter>Исходные файлы\SecondTask</Filter>
    </ClCompile>
    <ClCompile Include="Rectangle.cpp">
      <Filter>Исходные файлы\SecondTask</Filter>
    </ClCompile>
    <ClCompile Include="Triangle.cpp">
      <Filter>Исходные файлы\SecondTask</Filter>
    </ClCompile>
    <ClCompile Include="Dog.cpp">
      <Filter>Исходные файлы\SecondTask</Filter>
    </ClCompile>
    <ClCompile Include="Platypus.cpp">
      <Filter>Исходные файлы\SecondTask</Filter>
    </ClCompile>
    <ClCompile Include="test.cpp">
      <Filter>Исходные файлы\SecondTask</Filter>
    </ClCompile>
  </ItemGroup>
</Project>